
Microsoft Visual Studio Solution File, Format Version 12.00
# Visual Studio Version 16
VisualStudioVersion = 16.0.31702.278
MinimumVisualStudioVersion = 10.0.40219.1
Project("{FAE04EC0-301F-11D3-BF4B-00C04F79EFBC}") = "HospiFication", "HospiFication\HospiFication.csproj", "{E71ED68E-A23F-44B9-A882-190088576441}"
EndProject
Global
	GlobalSection(SolutionConfigurationPlatforms) = preSolution
		Debug|Any CPU = Debug|Any CPU
		Release|Any CPU = Release|Any CPU
	EndGlobalSection
	GlobalSection(ProjectConfigurationPlatforms) = postSolution
		{E71ED68E-A23F-44B9-A882-190088576441}.Debug|Any CPU.ActiveCfg = Debug|Any CPU
		{E71ED68E-A23F-44B9-A882-190088576441}.Debug|Any CPU.Build.0 = Debug|Any CPU
		{E71ED68E-A23F-44B9-A882-190088576441}.Release|Any CPU.ActiveCfg = Release|Any CPU
		{E71ED68E-A23F-44B9-A882-190088576441}.Release|Any CPU.Build.0 = Release|Any CPU
	EndGlobalSection
	GlobalSection(SolutionProperties) = preSolution
		HideSolutionNode = FALSE
	EndGlobalSection
	GlobalSection(ExtensibilityGlobals) = postSolution
		SolutionGuid = {CBDAE6F6-ACE6-40CB-AB77-5E6FE602DFC2}
	EndGlobalSection
EndGlobal
